
Microsoft Visual Studio Solution File, Format Version 12.00
# Visual Studio Version 17
VisualStudioVersion = 17.5.33530.505
MinimumVisualStudioVersion = 10.0.40219.1
Project("{FAE04EC0-301F-11D3-BF4B-00C04F79EFBC}") = "CleanArchMVC.Domain", "CleanArchMVC.Domain\CleanArchMVC.Domain.csproj", "{02634E1C-8B1A-4C2E-868F-8F9DF12D1D4D}"
EndProject
Project("{FAE04EC0-301F-11D3-BF4B-00C04F79EFBC}") = "CleanArchMVC.Application", "CleanArchMVC.Application\CleanArchMVC.Application.csproj", "{A40A2CC0-DE46-41CA-9DA2-6EFCA277D43A}"
EndProject
Project("{FAE04EC0-301F-11D3-BF4B-00C04F79EFBC}") = "CleanArchMVC.Infra.Data", "CleanArchMVC.Infra.Data\CleanArchMVC.Infra.Data.csproj", "{2DFE6B79-9945-4929-A3F9-E57B79EA7706}"
EndProject
Project("{FAE04EC0-301F-11D3-BF4B-00C04F79EFBC}") = "CleanArchMVC.Infra.IoC", "CleanArchMVC.Infra.IoC\CleanArchMVC.Infra.IoC.csproj", "{4DA69767-B5E6-4110-8A00-C7A5737BCA6E}"
EndProject
Project("{FAE04EC0-301F-11D3-BF4B-00C04F79EFBC}") = "CleanArchMVC.WebUI", "CleanArchMVC.WebUI\CleanArchMVC.WebUI.csproj", "{3206A2E7-D46F-4539-A55E-2B63508DD665}"
EndProject
Global
	GlobalSection(SolutionConfigurationPlatforms) = preSolution
		Debug|Any CPU = Debug|Any CPU
		Release|Any CPU = Release|Any CPU
	EndGlobalSection
	GlobalSection(ProjectConfigurationPlatforms) = postSolution
		{02634E1C-8B1A-4C2E-868F-8F9DF12D1D4D}.Debug|Any CPU.ActiveCfg = Debug|Any CPU
		{02634E1C-8B1A-4C2E-868F-8F9DF12D1D4D}.Debug|Any CPU.Build.0 = Debug|Any CPU
		{02634E1C-8B1A-4C2E-868F-8F9DF12D1D4D}.Release|Any CPU.ActiveCfg = Release|Any CPU
		{02634E1C-8B1A-4C2E-868F-8F9DF12D1D4D}.Release|Any CPU.Build.0 = Release|Any CPU
		{A40A2CC0-DE46-41CA-9DA2-6EFCA277D43A}.Debug|Any CPU.ActiveCfg = Debug|Any CPU
		{A40A2CC0-DE46-41CA-9DA2-6EFCA277D43A}.Debug|Any CPU.Build.0 = Debug|Any CPU
		{A40A2CC0-DE46-41CA-9DA2-6EFCA277D43A}.Release|Any CPU.ActiveCfg = Release|Any CPU
		{A40A2CC0-DE46-41CA-9DA2-6EFCA277D43A}.Release|Any CPU.Build.0 = Release|Any CPU
		{2DFE6B79-9945-4929-A3F9-E57B79EA7706}.Debug|Any CPU.ActiveCfg = Debug|Any CPU
		{2DFE6B79-9945-4929-A3F9-E57B79EA7706}.Debug|Any CPU.Build.0 = Debug|Any CPU
		{2DFE6B79-9945-4929-A3F9-E57B79EA7706}.Release|Any CPU.ActiveCfg = Release|Any CPU
		{2DFE6B79-9945-4929-A3F9-E57B79EA7706}.Release|Any CPU.Build.0 = Release|Any CPU
		{4DA69767-B5E6-4110-8A00-C7A5737BCA6E}.Debug|Any CPU.ActiveCfg = Debug|Any CPU
		{4DA69767-B5E6-4110-8A00-C7A5737BCA6E}.Debug|Any CPU.Build.0 = Debug|Any CPU
		{4DA69767-B5E6-4110-8A00-C7A5737BCA6E}.Release|Any CPU.ActiveCfg = Release|Any CPU
		{4DA69767-B5E6-4110-8A00-C7A5737BCA6E}.Release|Any CPU.Build.0 = Release|Any CPU
		{3206A2E7-D46F-4539-A55E-2B63508DD665}.Debug|Any CPU.ActiveCfg = Debug|Any CPU
		{3206A2E7-D46F-4539-A55E-2B63508DD665}.Debug|Any CPU.Build.0 = Debug|Any CPU
		{3206A2E7-D46F-4539-A55E-2B63508DD665}.Release|Any CPU.ActiveCfg = Release|Any CPU
		{3206A2E7-D46F-4539-A55E-2B63508DD665}.Release|Any CPU.Build.0 = Release|Any CPU
	EndGlobalSection
	GlobalSection(SolutionProperties) = preSolution
		HideSolutionNode = FALSE
	EndGlobalSection
	GlobalSection(ExtensibilityGlobals) = postSolution
		SolutionGuid = {0D32F587-F3AA-460E-AA13-A5323ED8B447}
	EndGlobalSection
EndGlobal
